// !$*UTF8*$!
{
	archiveVersion = 1;
	classes = {
	};
	objectVersion = 48;
	objects = {

/* Begin PBXBuildFile section */
		792F783E2062F99800CBCB34 /* DataParser.m in Sources */ = {isa = PBXBuildFile; fileRef = 79E5C86620603EB6000D84D8 /* DataParser.m */; };
		792F783F2062F99900CBCB34 /* DataParser.m in Sources */ = {isa = PBXBuildFile; fileRef = 79E5C86620603EB6000D84D8 /* DataParser.m */; };
		792F78402062F99F00CBCB34 /* DataObject.m in Sources */ = {isa = PBXBuildFile; fileRef = 79E5C86920603F10000D84D8 /* DataObject.m */; };
		792F78412062F9A000CBCB34 /* DataObject.m in Sources */ = {isa = PBXBuildFile; fileRef = 79E5C86920603F10000D84D8 /* DataObject.m */; };
		792F78422062F9A500CBCB34 /* ServiceConnection.m in Sources */ = {isa = PBXBuildFile; fileRef = 79E5C86D206040A3000D84D8 /* ServiceConnection.m */; };
		792F78432062F9A600CBCB34 /* ServiceConnection.m in Sources */ = {isa = PBXBuildFile; fileRef = 79E5C86D206040A3000D84D8 /* ServiceConnection.m */; };
		792F78442062F9AA00CBCB34 /* ImageDownloader.m in Sources */ = {isa = PBXBuildFile; fileRef = 79E5C87020604121000D84D8 /* ImageDownloader.m */; };
		792F78452062F9AB00CBCB34 /* ImageDownloader.m in Sources */ = {isa = PBXBuildFile; fileRef = 79E5C87020604121000D84D8 /* ImageDownloader.m */; };
		792F78462062F9B200CBCB34 /* FeedDataTableViewCell.m in Sources */ = {isa = PBXBuildFile; fileRef = 79E5C86020603AB9000D84D8 /* FeedDataTableViewCell.m */; };
		792F78482062F9B700CBCB34 /* FeedDataRefreshControl.m in Sources */ = {isa = PBXBuildFile; fileRef = 79E5C86320603B19000D84D8 /* FeedDataRefreshControl.m */; };
		792F784A2062F9BF00CBCB34 /* AppDelegate.m in Sources */ = {isa = PBXBuildFile; fileRef = 79E5C82720603399000D84D8 /* AppDelegate.m */; };
		792F784B2062F9BF00CBCB34 /* AppDelegate.m in Sources */ = {isa = PBXBuildFile; fileRef = 79E5C82720603399000D84D8 /* AppDelegate.m */; };
		792F784C2062F9C300CBCB34 /* DataFeedTableViewController.m in Sources */ = {isa = PBXBuildFile; fileRef = 79E5C85D206038CC000D84D8 /* DataFeedTableViewController.m */; };
		792F784D2062F9C400CBCB34 /* DataFeedTableViewController.m in Sources */ = {isa = PBXBuildFile; fileRef = 79E5C85D206038CC000D84D8 /* DataFeedTableViewController.m */; };
		792F784E2062F9F300CBCB34 /* main.m in Sources */ = {isa = PBXBuildFile; fileRef = 79E5C83520603399000D84D8 /* main.m */; };
		792F784F2062F9F400CBCB34 /* main.m in Sources */ = {isa = PBXBuildFile; fileRef = 79E5C83520603399000D84D8 /* main.m */; };
		792F78502062FBE100CBCB34 /* FeedDataTableViewCell.m in Sources */ = {isa = PBXBuildFile; fileRef = 79E5C86020603AB9000D84D8 /* FeedDataTableViewCell.m */; };
		792F78512062FC0700CBCB34 /* FeedDataRefreshControl.m in Sources */ = {isa = PBXBuildFile; fileRef = 79E5C86320603B19000D84D8 /* FeedDataRefreshControl.m */; };
		79E5C82820603399000D84D8 /* AppDelegate.m in Sources */ = {isa = PBXBuildFile; fileRef = 79E5C82720603399000D84D8 /* AppDelegate.m */; };
		79E5C83020603399000D84D8 /* Assets.xcassets in Resources */ = {isa = PBXBuildFile; fileRef = 79E5C82F20603399000D84D8 /* Assets.xcassets */; };
		79E5C83320603399000D84D8 /* LaunchScreen.storyboard in Resources */ = {isa = PBXBuildFile; fileRef = 79E5C83120603399000D84D8 /* LaunchScreen.storyboard */; };
		79E5C83620603399000D84D8 /* main.m in Sources */ = {isa = PBXBuildFile; fileRef = 79E5C83520603399000D84D8 /* main.m */; };
		79E5C84020603399000D84D8 /* FeedDataAssignmentTests.m in Sources */ = {isa = PBXBuildFile; fileRef = 79E5C83F20603399000D84D8 /* FeedDataAssignmentTests.m */; };
		79E5C84B20603399000D84D8 /* FeedDataAssignmentUITests.m in Sources */ = {isa = PBXBuildFile; fileRef = 79E5C84A20603399000D84D8 /* FeedDataAssignmentUITests.m */; };
		79E5C85E206038CC000D84D8 /* DataFeedTableViewController.m in Sources */ = {isa = PBXBuildFile; fileRef = 79E5C85D206038CC000D84D8 /* DataFeedTableViewController.m */; };
		79E5C86120603AB9000D84D8 /* FeedDataTableViewCell.m in Sources */ = {isa = PBXBuildFile; fileRef = 79E5C86020603AB9000D84D8 /* FeedDataTableViewCell.m */; };
		79E5C86420603B19000D84D8 /* FeedDataRefreshControl.m in Sources */ = {isa = PBXBuildFile; fileRef = 79E5C86320603B19000D84D8 /* FeedDataRefreshControl.m */; };
		79E5C86720603EB6000D84D8 /* DataParser.m in Sources */ = {isa = PBXBuildFile; fileRef = 79E5C86620603EB6000D84D8 /* DataParser.m */; };
		79E5C86A20603F10000D84D8 /* DataObject.m in Sources */ = {isa = PBXBuildFile; fileRef = 79E5C86920603F10000D84D8 /* DataObject.m */; };
		79E5C86E206040A3000D84D8 /* ServiceConnection.m in Sources */ = {isa = PBXBuildFile; fileRef = 79E5C86D206040A3000D84D8 /* ServiceConnection.m */; };
		79E5C87120604121000D84D8 /* ImageDownloader.m in Sources */ = {isa = PBXBuildFile; fileRef = 79E5C87020604121000D84D8 /* ImageDownloader.m */; };
/* End PBXBuildFile section */

/* Begin PBXContainerItemProxy section */
		79E5C83C20603399000D84D8 /* PBXContainerItemProxy */ = {
			isa = PBXContainerItemProxy;
			containerPortal = 79E5C81B20603398000D84D8 /* Project object */;
			proxyType = 1;
			remoteGlobalIDString = 79E5C82220603399000D84D8;
			remoteInfo = FeedDataAssignment;
		};
		79E5C84720603399000D84D8 /* PBXContainerItemProxy */ = {
			isa = PBXContainerItemProxy;
			containerPortal = 79E5C81B20603398000D84D8 /* Project object */;
			proxyType = 1;
			remoteGlobalIDString = 79E5C82220603399000D84D8;
			remoteInfo = FeedDataAssignment;
		};
/* End PBXContainerItemProxy section */

/* Begin PBXFileReference section */
		79E5C82320603399000D84D8 /* FeedDataAssignment.app */ = {isa = PBXFileReference; explicitFileType = wrapper.application; includeInIndex = 0; path = FeedDataAssignment.app; sourceTree = BUILT_PRODUCTS_DIR; };
		79E5C82620603399000D84D8 /* AppDelegate.h */ = {isa = PBXFileReference; lastKnownFileType = sourcecode.c.h; path = AppDelegate.h; sourceTree = "<group>"; };
		79E5C82720603399000D84D8 /* AppDelegate.m */ = {isa = PBXFileReference; lastKnownFileType = sourcecode.c.objc; path = AppDelegate.m; sourceTree = "<group>"; };
		79E5C82F20603399000D84D8 /* Assets.xcassets */ = {isa = PBXFileReference; lastKnownFileType = folder.assetcatalog; path = Assets.xcassets; sourceTree = "<group>"; };
		79E5C83220603399000D84D8 /* Base */ = {isa = PBXFileReference; lastKnownFileType = file.storyboard; name = Base; path = Base.lproj/LaunchScreen.storyboard; sourceTree = "<group>"; };
		79E5C83420603399000D84D8 /* Info.plist */ = {isa = PBXFileReference; lastKnownFileType = text.plist.xml; path = Info.plist; sourceTree = "<group>"; };
		79E5C83520603399000D84D8 /* main.m */ = {isa = PBXFileReference; lastKnownFileType = sourcecode.c.objc; path = main.m; sourceTree = "<group>"; };
		79E5C83B20603399000D84D8 /* FeedDataAssignmentTests.xctest */ = {isa = PBXFileReference; explicitFileType = wrapper.cfbundle; includeInIndex = 0; path = FeedDataAssignmentTests.xctest; sourceTree = BUILT_PRODUCTS_DIR; };
		79E5C83F20603399000D84D8 /* FeedDataAssignmentTests.m */ = {isa = PBXFileReference; lastKnownFileType = sourcecode.c.objc; path = FeedDataAssignmentTests.m; sourceTree = "<group>"; };
		79E5C84120603399000D84D8 /* Info.plist */ = {isa = PBXFileReference; lastKnownFileType = text.plist.xml; path = Info.plist; sourceTree = "<group>"; };
		79E5C84620603399000D84D8 /* FeedDataAssignmentUITests.xctest */ = {isa = PBXFileReference; explicitFileType = wrapper.cfbundle; includeInIndex = 0; path = FeedDataAssignmentUITests.xctest; sourceTree = BUILT_PRODUCTS_DIR; };
		79E5C84A20603399000D84D8 /* FeedDataAssignmentUITests.m */ = {isa = PBXFileReference; lastKnownFileType = sourcecode.c.objc; path = FeedDataAssignmentUITests.m; sourceTree = "<group>"; };
		79E5C84C20603399000D84D8 /* Info.plist */ = {isa = PBXFileReference; lastKnownFileType = text.plist.xml; path = Info.plist; sourceTree = "<group>"; };
		79E5C85C206038CC000D84D8 /* DataFeedTableViewController.h */ = {isa = PBXFileReference; lastKnownFileType = sourcecode.c.h; path = DataFeedTableViewController.h; sourceTree = "<group>"; };
		79E5C85D206038CC000D84D8 /* DataFeedTableViewController.m */ = {isa = PBXFileReference; lastKnownFileType = sourcecode.c.objc; path = DataFeedTableViewController.m; sourceTree = "<group>"; };
		79E5C85F20603AB9000D84D8 /* FeedDataTableViewCell.h */ = {isa = PBXFileReference; lastKnownFileType = sourcecode.c.h; path = FeedDataTableViewCell.h; sourceTree = "<group>"; };
		79E5C86020603AB9000D84D8 /* FeedDataTableViewCell.m */ = {isa = PBXFileReference; lastKnownFileType = sourcecode.c.objc; path = FeedDataTableViewCell.m; sourceTree = "<group>"; };
		79E5C86220603B19000D84D8 /* FeedDataRefreshControl.h */ = {isa = PBXFileReference; lastKnownFileType = sourcecode.c.h; path = FeedDataRefreshControl.h; sourceTree = "<group>"; };
		79E5C86320603B19000D84D8 /* FeedDataRefreshControl.m */ = {isa = PBXFileReference; lastKnownFileType = sourcecode.c.objc; path = FeedDataRefreshControl.m; sourceTree = "<group>"; };
		79E5C86520603EB6000D84D8 /* DataParser.h */ = {isa = PBXFileReference; lastKnownFileType = sourcecode.c.h; path = DataParser.h; sourceTree = "<group>"; };
		79E5C86620603EB6000D84D8 /* DataParser.m */ = {isa = PBXFileReference; lastKnownFileType = sourcecode.c.objc; path = DataParser.m; sourceTree = "<group>"; };
		79E5C86820603F10000D84D8 /* DataObject.h */ = {isa = PBXFileReference; lastKnownFileType = sourcecode.c.h; path = DataObject.h; sourceTree = "<group>"; };
		79E5C86920603F10000D84D8 /* DataObject.m */ = {isa = PBXFileReference; lastKnownFileType = sourcecode.c.objc; path = DataObject.m; sourceTree = "<group>"; };
		79E5C86B20603F4C000D84D8 /* ServerConstants.h */ = {isa = PBXFileReference; lastKnownFileType = sourcecode.c.h; path = ServerConstants.h; sourceTree = "<group>"; };
		79E5C86C206040A3000D84D8 /* ServiceConnection.h */ = {isa = PBXFileReference; lastKnownFileType = sourcecode.c.h; path = ServiceConnection.h; sourceTree = "<group>"; };
		79E5C86D206040A3000D84D8 /* ServiceConnection.m */ = {isa = PBXFileReference; lastKnownFileType = sourcecode.c.objc; path = ServiceConnection.m; sourceTree = "<group>"; };
		79E5C86F20604121000D84D8 /* ImageDownloader.h */ = {isa = PBXFileReference; lastKnownFileType = sourcecode.c.h; path = ImageDownloader.h; sourceTree = "<group>"; };
		79E5C87020604121000D84D8 /* ImageDownloader.m */ = {isa = PBXFileReference; lastKnownFileType = sourcecode.c.objc; path = ImageDownloader.m; sourceTree = "<group>"; };
/* End PBXFileReference section */

/* Begin PBXFrameworksBuildPhase section */
		79E5C82020603399000D84D8 /* Frameworks */ = {
			isa = PBXFrameworksBuildPhase;
			buildActionMask = 2147483647;
			files = (
			);
			runOnlyForDeploymentPostprocessing = 0;
		};
		79E5C83820603399000D84D8 /* Frameworks */ = {
			isa = PBXFrameworksBuildPhase;
			buildActionMask = 2147483647;
			files = (
			);
			runOnlyForDeploymentPostprocessing = 0;
		};
		79E5C84320603399000D84D8 /* Frameworks */ = {
			isa = PBXFrameworksBuildPhase;
			buildActionMask = 2147483647;
			files = (
			);
			runOnlyForDeploymentPostprocessing = 0;
		};
/* End PBXFrameworksBuildPhase section */

/* Begin PBXGroup section */
		79E5C81A20603398000D84D8 = {
			isa = PBXGroup;
			children = (
				79E5C82520603399000D84D8 /* FeedDataAssignment */,
				79E5C83E20603399000D84D8 /* FeedDataAssignmentTests */,
				79E5C84920603399000D84D8 /* FeedDataAssignmentUITests */,
				79E5C82420603399000D84D8 /* Products */,
			);
			sourceTree = "<group>";
		};
		79E5C82420603399000D84D8 /* Products */ = {
			isa = PBXGroup;
			children = (
				79E5C82320603399000D84D8 /* FeedDataAssignment.app */,
				79E5C83B20603399000D84D8 /* FeedDataAssignmentTests.xctest */,
				79E5C84620603399000D84D8 /* FeedDataAssignmentUITests.xctest */,
			);
			name = Products;
			sourceTree = "<group>";
		};
		79E5C82520603399000D84D8 /* FeedDataAssignment */ = {
			isa = PBXGroup;
			children = (
				79E5C85B2060386E000D84D8 /* Models */,
				79E5C85A20603866000D84D8 /* Views */,
				79E5C8592060385C000D84D8 /* ViewModels */,
				79E5C8582060384A000D84D8 /* SupportingFiles */,
			);
			path = FeedDataAssignment;
			sourceTree = "<group>";
		};
		79E5C83E20603399000D84D8 /* FeedDataAssignmentTests */ = {
			isa = PBXGroup;
			children = (
				79E5C83F20603399000D84D8 /* FeedDataAssignmentTests.m */,
				79E5C84120603399000D84D8 /* Info.plist */,
			);
			path = FeedDataAssignmentTests;
			sourceTree = "<group>";
		};
		79E5C84920603399000D84D8 /* FeedDataAssignmentUITests */ = {
			isa = PBXGroup;
			children = (
				79E5C84A20603399000D84D8 /* FeedDataAssignmentUITests.m */,
				79E5C84C20603399000D84D8 /* Info.plist */,
			);
			path = FeedDataAssignmentUITests;
			sourceTree = "<group>";
		};
		79E5C8582060384A000D84D8 /* SupportingFiles */ = {
			isa = PBXGroup;
			children = (
				79E5C82F20603399000D84D8 /* Assets.xcassets */,
				79E5C83120603399000D84D8 /* LaunchScreen.storyboard */,
				79E5C83420603399000D84D8 /* Info.plist */,
				79E5C83520603399000D84D8 /* main.m */,
			);
			path = SupportingFiles;
			sourceTree = "<group>";
		};
		79E5C8592060385C000D84D8 /* ViewModels */ = {
			isa = PBXGroup;
			children = (
				79E5C82620603399000D84D8 /* AppDelegate.h */,
				79E5C82720603399000D84D8 /* AppDelegate.m */,
				79E5C85C206038CC000D84D8 /* DataFeedTableViewController.h */,
				79E5C85D206038CC000D84D8 /* DataFeedTableViewController.m */,
			);
			path = ViewModels;
			sourceTree = "<group>";
		};
		79E5C85A20603866000D84D8 /* Views */ = {
			isa = PBXGroup;
			children = (
				79E5C85F20603AB9000D84D8 /* FeedDataTableViewCell.h */,
				79E5C86020603AB9000D84D8 /* FeedDataTableViewCell.m */,
				79E5C86220603B19000D84D8 /* FeedDataRefreshControl.h */,
				79E5C86320603B19000D84D8 /* FeedDataRefreshControl.m */,
			);
			path = Views;
			sourceTree = "<group>";
		};
		79E5C85B2060386E000D84D8 /* Models */ = {
			isa = PBXGroup;
			children = (
				79E5C86520603EB6000D84D8 /* DataParser.h */,
				79E5C86620603EB6000D84D8 /* DataParser.m */,
				79E5C86820603F10000D84D8 /* DataObject.h */,
				79E5C86920603F10000D84D8 /* DataObject.m */,
				79E5C86C206040A3000D84D8 /* ServiceConnection.h */,
				79E5C86D206040A3000D84D8 /* ServiceConnection.m */,
				79E5C86F20604121000D84D8 /* ImageDownloader.h */,
				79E5C87020604121000D84D8 /* ImageDownloader.m */,
				79E5C86B20603F4C000D84D8 /* ServerConstants.h */,
			);
			path = Models;
			sourceTree = "<group>";
		};
/* End PBXGroup section */

/* Begin PBXNativeTarget section */
		79E5C82220603399000D84D8 /* FeedDataAssignment */ = {
			isa = PBXNativeTarget;
			buildConfigurationList = 79E5C84F20603399000D84D8 /* Build configuration list for PBXNativeTarget "FeedDataAssignment" */;
			buildPhases = (
				79E5C81F20603399000D84D8 /* Sources */,
				79E5C82020603399000D84D8 /* Frameworks */,
				79E5C82120603399000D84D8 /* Resources */,
			);
			buildRules = (
			);
			dependencies = (
			);
			name = FeedDataAssignment;
			productName = FeedDataAssignment;
			productReference = 79E5C82320603399000D84D8 /* FeedDataAssignment.app */;
			productType = "com.apple.product-type.application";
		};
		79E5C83A20603399000D84D8 /* FeedDataAssignmentTests */ = {
			isa = PBXNativeTarget;
			buildConfigurationList = 79E5C85220603399000D84D8 /* Build configuration list for PBXNativeTarget "FeedDataAssignmentTests" */;
			buildPhases = (
				79E5C83720603399000D84D8 /* Sources */,
				79E5C83820603399000D84D8 /* Frameworks */,
				79E5C83920603399000D84D8 /* Resources */,
			);
			buildRules = (
			);
			dependencies = (
				79E5C83D20603399000D84D8 /* PBXTargetDependency */,
			);
			name = FeedDataAssignmentTests;
			productName = FeedDataAssignmentTests;
			productReference = 79E5C83B20603399000D84D8 /* FeedDataAssignmentTests.xctest */;
			productType = "com.apple.product-type.bundle.unit-test";
		};
		79E5C84520603399000D84D8 /* FeedDataAssignmentUITests */ = {
			isa = PBXNativeTarget;
			buildConfigurationList = 79E5C85520603399000D84D8 /* Build configuration list for PBXNativeTarget "FeedDataAssignmentUITests" */;
			buildPhases = (
				79E5C84220603399000D84D8 /* Sources */,
				79E5C84320603399000D84D8 /* Frameworks */,
				79E5C84420603399000D84D8 /* Resources */,
			);
			buildRules = (
			);
			dependencies = (
				79E5C84820603399000D84D8 /* PBXTargetDependency */,
			);
			name = FeedDataAssignmentUITests;
			productName = FeedDataAssignmentUITests;
			productReference = 79E5C84620603399000D84D8 /* FeedDataAssignmentUITests.xctest */;
			productType = "com.apple.product-type.bundle.ui-testing";
		};
/* End PBXNativeTarget section */

/* Begin PBXProject section */
		79E5C81B20603398000D84D8 /* Project object */ = {
			isa = PBXProject;
			attributes = {
				LastUpgradeCheck = 0910;
				ORGANIZATIONNAME = "Richard Joseph";
				TargetAttributes = {
					79E5C82220603399000D84D8 = {
						CreatedOnToolsVersion = 9.1;
						ProvisioningStyle = Automatic;
					};
					79E5C83A20603399000D84D8 = {
						CreatedOnToolsVersion = 9.1;
						ProvisioningStyle = Manual;
						TestTargetID = 79E5C82220603399000D84D8;
					};
					79E5C84520603399000D84D8 = {
						CreatedOnToolsVersion = 9.1;
						ProvisioningStyle = Automatic;
						TestTargetID = 79E5C82220603399000D84D8;
					};
				};
			};
			buildConfigurationList = 79E5C81E20603398000D84D8 /* Build configuration list for PBXProject "FeedDataAssignment" */;
			compatibilityVersion = "Xcode 8.0";
			developmentRegion = en;
			hasScannedForEncodings = 0;
			knownRegions = (
				en,
				Base,
			);
			mainGroup = 79E5C81A20603398000D84D8;
			productRefGroup = 79E5C82420603399000D84D8 /* Products */;
			projectDirPath = "";
			projectRoot = "";
			targets = (
				79E5C82220603399000D84D8 /* FeedDataAssignment */,
				79E5C83A20603399000D84D8 /* FeedDataAssignmentTests */,
				79E5C84520603399000D84D8 /* FeedDataAssignmentUITests */,
			);
		};
/* End PBXProject section */

/* Begin PBXResourcesBuildPhase section */
		79E5C82120603399000D84D8 /* Resources */ = {
			isa = PBXResourcesBuildPhase;
			buildActionMask = 2147483647;
			files = (
				79E5C83320603399000D84D8 /* LaunchScreen.storyboard in Resources */,
				79E5C83020603399000D84D8 /* Assets.xcassets in Resources */,
			);
			runOnlyForDeploymentPostprocessing = 0;
		};
		79E5C83920603399000D84D8 /* Resources */ = {
			isa = PBXResourcesBuildPhase;
			buildActionMask = 2147483647;
			files = (
			);
			runOnlyForDeploymentPostprocessing = 0;
		};
		79E5C84420603399000D84D8 /* Resources */ = {
			isa = PBXResourcesBuildPhase;
			buildActionMask = 2147483647;
			files = (
			);
			runOnlyForDeploymentPostprocessing = 0;
		};
/* End PBXResourcesBuildPhase section */

/* Begin PBXSourcesBuildPhase section */
		79E5C81F20603399000D84D8 /* Sources */ = {
			isa = PBXSourcesBuildPhase;
			buildActionMask = 2147483647;
			files = (
				79E5C86420603B19000D84D8 /* FeedDataRefreshControl.m in Sources */,
				79E5C83620603399000D84D8 /* main.m in Sources */,
				79E5C86A20603F10000D84D8 /* DataObject.m in Sources */,
				79E5C87120604121000D84D8 /* ImageDownloader.m in Sources */,
				79E5C82820603399000D84D8 /* AppDelegate.m in Sources */,
				79E5C85E206038CC000D84D8 /* DataFeedTableViewController.m in Sources */,
				79E5C86720603EB6000D84D8 /* DataParser.m in Sources */,
				79E5C86120603AB9000D84D8 /* FeedDataTableViewCell.m in Sources */,
				79E5C86E206040A3000D84D8 /* ServiceConnection.m in Sources */,
			);
			runOnlyForDeploymentPostprocessing = 0;
		};
		79E5C83720603399000D84D8 /* Sources */ = {
			isa = PBXSourcesBuildPhase;
			buildActionMask = 2147483647;
			files = (
				792F784E2062F9F300CBCB34 /* main.m in Sources */,
				792F78402062F99F00CBCB34 /* DataObject.m in Sources */,
				792F78482062F9B700CBCB34 /* FeedDataRefreshControl.m in Sources */,
				792F783E2062F99800CBCB34 /* DataParser.m in Sources */,
				792F78442062F9AA00CBCB34 /* ImageDownloader.m in Sources */,
				792F784A2062F9BF00CBCB34 /* AppDelegate.m in Sources */,
				792F784C2062F9C300CBCB34 /* DataFeedTableViewController.m in Sources */,
				79E5C84020603399000D84D8 /* FeedDataAssignmentTests.m in Sources */,
				792F78422062F9A500CBCB34 /* ServiceConnection.m in Sources */,
				792F78462062F9B200CBCB34 /* FeedDataTableViewCell.m in Sources */,
			);
			runOnlyForDeploymentPostprocessing = 0;
		};
		79E5C84220603399000D84D8 /* Sources */ = {
			isa = PBXSourcesBuildPhase;
			buildActionMask = 2147483647;
			files = (
				792F78412062F9A000CBCB34 /* DataObject.m in Sources */,
				792F783F2062F99900CBCB34 /* DataParser.m in Sources */,
				792F78502062FBE100CBCB34 /* FeedDataTableViewCell.m in Sources */,
				792F784D2062F9C400CBCB34 /* DataFeedTableViewController.m in Sources */,
				792F784B2062F9BF00CBCB34 /* AppDelegate.m in Sources */,
				792F78512062FC0700CBCB34 /* FeedDataRefreshControl.m in Sources */,
				792F78452062F9AB00CBCB34 /* ImageDownloader.m in Sources */,
				79E5C84B20603399000D84D8 /* FeedDataAssignmentUITests.m in Sources */,
				792F784F2062F9F400CBCB34 /* main.m in Sources */,
				792F78432062F9A600CBCB34 /* ServiceConnection.m in Sources */,
			);
			runOnlyForDeploymentPostprocessing = 0;
		};
/* End PBXSourcesBuildPhase section */

/* Begin PBXTargetDependency section */
		79E5C83D20603399000D84D8 /* PBXTargetDependency */ = {
			isa = PBXTargetDependency;
			target = 79E5C82220603399000D84D8 /* FeedDataAssignment */;
			targetProxy = 79E5C83C20603399000D84D8 /* PBXContainerItemProxy */;
		};
		79E5C84820603399000D84D8 /* PBXTargetDependency */ = {
			isa = PBXTargetDependency;
			target = 79E5C82220603399000D84D8 /* FeedDataAssignment */;
			targetProxy = 79E5C84720603399000D84D8 /* PBXContainerItemProxy */;
		};
/* End PBXTargetDependency section */

/* Begin PBXVariantGroup section */
		79E5C83120603399000D84D8 /* LaunchScreen.storyboard */ = {
			isa = PBXVariantGroup;
			children = (
				79E5C83220603399000D84D8 /* Base */,
			);
			name = LaunchScreen.storyboard;
			sourceTree = "<group>";
		};
/* End PBXVariantGroup section */

/* Begin XCBuildConfiguration section */
		79E5C84D20603399000D84D8 /* Debug */ = {
			isa = XCBuildConfiguration;
			buildSettings = {
				ALWAYS_SEARCH_USER_PATHS = NO;
				CLANG_ANALYZER_NONNULL = YES;
				CLANG_ANALYZER_NUMBER_OBJECT_CONVERSION = YES_AGGRESSIVE;
				CLANG_CXX_LANGUAGE_STANDARD = "gnu++14";
				CLANG_CXX_LIBRARY = "libc++";
				CLANG_ENABLE_MODULES = YES;
				CLANG_ENABLE_OBJC_ARC = YES;
				CLANG_WARN_BLOCK_CAPTURE_AUTORELEASING = YES;
				CLANG_WARN_BOOL_CONVERSION = YES;
				CLANG_WARN_COMMA = YES;
				CLANG_WARN_CONSTANT_CONVERSION = YES;
				CLANG_WARN_DIRECT_OBJC_ISA_USAGE = YES_ERROR;
				CLANG_WARN_DOCUMENTATION_COMMENTS = YES;
				CLANG_WARN_EMPTY_BODY = YES;
				CLANG_WARN_ENUM_CONVERSION = YES;
				CLANG_WARN_INFINITE_RECURSION = YES;
				CLANG_WARN_INT_CONVERSION = YES;
				CLANG_WARN_NON_LITERAL_NULL_CONVERSION = YES;
				CLANG_WARN_OBJC_LITERAL_CONVERSION = YES;
				CLANG_WARN_OBJC_ROOT_CLASS = YES_ERROR;
				CLANG_WARN_RANGE_LOOP_ANALYSIS = YES;
				CLANG_WARN_STRICT_PROTOTYPES = YES;
				CLANG_WARN_SUSPICIOUS_MOVE = YES;
				CLANG_WARN_UNGUARDED_AVAILABILITY = YES_AGGRESSIVE;
				CLANG_WARN_UNREACHABLE_CODE = YES;
				CLANG_WARN__DUPLICATE_METHOD_MATCH = YES;
				CODE_SIGN_IDENTITY = "iPhone Developer";
				COPY_PHASE_STRIP = NO;
				DEBUG_INFORMATION_FORMAT = dwarf;
				ENABLE_STRICT_OBJC_MSGSEND = YES;
				ENABLE_TESTABILITY = YES;
				GCC_C_LANGUAGE_STANDARD = gnu11;
				GCC_DYNAMIC_NO_PIC = NO;
				GCC_NO_COMMON_BLOCKS = YES;
				GCC_OPTIMIZATION_LEVEL = 0;
				GCC_PREPROCESSOR_DEFINITIONS = (
					"DEBUG=1",
					"$(inherited)",
				);
				GCC_WARN_64_TO_32_BIT_CONVERSION = YES;
				GCC_WARN_ABOUT_RETURN_TYPE = YES_ERROR;
				GCC_WARN_UNDECLARED_SELECTOR = YES;
				GCC_WARN_UNINITIALIZED_AUTOS = YES_AGGRESSIVE;
				GCC_WARN_UNUSED_FUNCTION = YES;
				GCC_WARN_UNUSED_VARIABLE = YES;
				IPHONEOS_DEPLOYMENT_TARGET = 11.1;
				MTL_ENABLE_DEBUG_INFO = YES;
				ONLY_ACTIVE_ARCH = YES;
				SDKROOT = iphoneos;
			};
			name = Debug;
		};
		79E5C84E20603399000D84D8 /* Release */ = {
			isa = XCBuildConfiguration;
			buildSettings = {
				ALWAYS_SEARCH_USER_PATHS = NO;
				CLANG_ANALYZER_NONNULL = YES;
				CLANG_ANALYZER_NUMBER_OBJECT_CONVERSION = YES_AGGRESSIVE;
				CLANG_CXX_LANGUAGE_STANDARD = "gnu++14";
				CLANG_CXX_LIBRARY = "libc++";
				CLANG_ENABLE_MODULES = YES;
				CLANG_ENABLE_OBJC_ARC = YES;
				CLANG_WARN_BLOCK_CAPTURE_AUTORELEASING = YES;
				CLANG_WARN_BOOL_CONVERSION = YES;
				CLANG_WARN_COMMA = YES;
				CLANG_WARN_CONSTANT_CONVERSION = YES;
				CLANG_WARN_DIRECT_OBJC_ISA_USAGE = YES_ERROR;
				CLANG_WARN_DOCUMENTATION_COMMENTS = YES;
				CLANG_WARN_EMPTY_BODY = YES;
				CLANG_WARN_ENUM_CONVERSION = YES;
				CLANG_WARN_INFINITE_RECURSION = YES;
				CLANG_WARN_INT_CONVERSION = YES;
				CLANG_WARN_NON_LITERAL_NULL_CONVERSION = YES;
				CLANG_WARN_OBJC_LITERAL_CONVERSION = YES;
				CLANG_WARN_OBJC_ROOT_CLASS = YES_ERROR;
				CLANG_WARN_RANGE_LOOP_ANALYSIS = YES;
				CLANG_WARN_STRICT_PROTOTYPES = YES;
				CLANG_WARN_SUSPICIOUS_MOVE = YES;
				CLANG_WARN_UNGUARDED_AVAILABILITY = YES_AGGRESSIVE;
				CLANG_WARN_UNREACHABLE_CODE = YES;
				CLANG_WARN__DUPLICATE_METHOD_MATCH = YES;
				CODE_SIGN_IDENTITY = "iPhone Developer";
				COPY_PHASE_STRIP = NO;
				DEBUG_INFORMATION_FORMAT = "dwarf-with-dsym";
				ENABLE_NS_ASSERTIONS = NO;
				ENABLE_STRICT_OBJC_MSGSEND = YES;
				GCC_C_LANGUAGE_STANDARD = gnu11;
				GCC_NO_COMMON_BLOCKS = YES;
				GCC_WARN_64_TO_32_BIT_CONVERSION = YES;
				GCC_WARN_ABOUT_RETURN_TYPE = YES_ERROR;
				GCC_WARN_UNDECLARED_SELECTOR = YES;
				GCC_WARN_UNINITIALIZED_AUTOS = YES_AGGRESSIVE;
				GCC_WARN_UNUSED_FUNCTION = YES;
				GCC_WARN_UNUSED_VARIABLE = YES;
				IPHONEOS_DEPLOYMENT_TARGET = 11.1;
				MTL_ENABLE_DEBUG_INFO = NO;
				SDKROOT = iphoneos;
				VALIDATE_PRODUCT = YES;
			};
			name = Release;
		};
		79E5C85020603399000D84D8 /* Debug */ = {
			isa = XCBuildConfiguration;
			buildSettings = {
				ASSETCATALOG_COMPILER_APPICON_NAME = AppIcon;
				CODE_SIGN_STYLE = Automatic;
				DEVELOPMENT_TEAM = 9T4X274L7F;
				INFOPLIST_FILE = FeedDataAssignment/SupportingFiles/Info.plist;
				LD_RUNPATH_SEARCH_PATHS = "$(inherited) @executable_path/Frameworks";
				PRODUCT_BUNDLE_IDENTIFIER = com.wipro.FeedDataAssignment;
				PRODUCT_NAME = "$(TARGET_NAME)";
				TARGETED_DEVICE_FAMILY = "1,2";
			};
			name = Debug;
		};
		79E5C85120603399000D84D8 /* Release */ = {
			isa = XCBuildConfiguration;
			buildSettings = {
				ASSETCATALOG_COMPILER_APPICON_NAME = AppIcon;
				CODE_SIGN_STYLE = Automatic;
				DEVELOPMENT_TEAM = 9T4X274L7F;
				INFOPLIST_FILE = FeedDataAssignment/SupportingFiles/Info.plist;
				LD_RUNPATH_SEARCH_PATHS = "$(inherited) @executable_path/Frameworks";
				PRODUCT_BUNDLE_IDENTIFIER = com.wipro.FeedDataAssignment;
				PRODUCT_NAME = "$(TARGET_NAME)";
				TARGETED_DEVICE_FAMILY = "1,2";
			};
			name = Release;
		};
		79E5C85320603399000D84D8 /* Debug */ = {
			isa = XCBuildConfiguration;
			buildSettings = {
				BUNDLE_LOADER = "$(TEST_HOST)";
				CODE_SIGN_STYLE = Manual;
				DEVELOPMENT_TEAM = 9T4X274L7F;
				INFOPLIST_FILE = FeedDataAssignmentTests/Info.plist;
				LD_RUNPATH_SEARCH_PATHS = "$(inherited) @executable_path/Frameworks @loader_path/Frameworks";
				PRODUCT_BUNDLE_IDENTIFIER = com.wipro.FeedDataAssignmentTests;
				PRODUCT_NAME = "$(TARGET_NAME)";
				PROVISIONING_PROFILE_SPECIFIER = "";
				TARGETED_DEVICE_FAMILY = "1,2";
				TEST_HOST = "$(BUILT_PRODUCTS_DIR)/FeedDataAssignment.app/FeedDataAssignment";
			};
			name = Debug;
		};
		79E5C85420603399000D84D8 /* Release */ = {
			isa = XCBuildConfiguration;
			buildSettings = {
				BUNDLE_LOADER = "$(TEST_HOST)";
				CODE_SIGN_STYLE = Manual;
				DEVELOPMENT_TEAM = 9T4X274L7F;
				INFOPLIST_FILE = FeedDataAssignmentTests/Info.plist;
				LD_RUNPATH_SEARCH_PATHS = "$(inherited) @executable_path/Frameworks @loader_path/Frameworks";
				PRODUCT_BUNDLE_IDENTIFIER = com.wipro.FeedDataAssignmentTests;
				PRODUCT_NAME = "$(TARGET_NAME)";
				PROVISIONING_PROFILE_SPECIFIER = "";
				TARGETED_DEVICE_FAMILY = "1,2";
				TEST_HOST = "$(BUILT_PRODUCTS_DIR)/FeedDataAssignment.app/FeedDataAssignment";
			};
			name = Release;
		};
		79E5C85620603399000D84D8 /* Debug */ = {
			isa = XCBuildConfiguration;
			buildSettings = {
				CODE_SIGN_STYLE = Automatic;
				DEVELOPMENT_TEAM = 9T4X274L7F;
				INFOPLIST_FILE = FeedDataAssignmentUITests/Info.plist;
				LD_RUNPATH_SEARCH_PATHS = "$(inherited) @executable_path/Frameworks @loader_path/Frameworks";
				PRODUCT_BUNDLE_IDENTIFIER = com.wipro.FeedDataAssignmentUITests;
				PRODUCT_NAME = "$(TARGET_NAME)";
				TARGETED_DEVICE_FAMILY = "1,2";
				TEST_TARGET_NAME = FeedDataAssignment;
			};
			name = Debug;
		};
		79E5C85720603399000D84D8 /* Release */ = {
			isa = XCBuildConfiguration;
			buildSettings = {
				CODE_SIGN_STYLE = Automatic;
				DEVELOPMENT_TEAM = 9T4X274L7F;
				INFOPLIST_FILE = FeedDataAssignmentUITests/Info.plist;
				LD_RUNPATH_SEARCH_PATHS = "$(inherited) @executable_path/Frameworks @loader_path/Frameworks";
				PRODUCT_BUNDLE_IDENTIFIER = com.wipro.FeedDataAssignmentUITests;
				PRODUCT_NAME = "$(TARGET_NAME)";
				TARGETED_DEVICE_FAMILY = "1,2";
				TEST_TARGET_NAME = FeedDataAssignment;
			};
			name = Release;
		};
/* End XCBuildConfiguration section */

/* Begin XCConfigurationList section */
		79E5C81E20603398000D84D8 /* Build configuration list for PBXProject "FeedDataAssignment" */ = {
			isa = XCConfigurationList;
			buildConfigurations = (
				79E5C84D20603399000D84D8 /* Debug */,
				79E5C84E20603399000D84D8 /* Release */,
			);
			defaultConfigurationIsVisible = 0;
			defaultConfigurationName = Release;
		};
		79E5C84F20603399000D84D8 /* Build configuration list for PBXNativeTarget "FeedDataAssignment" */ = {
			isa = XCConfigurationList;
			buildConfigurations = (
				79E5C85020603399000D84D8 /* Debug */,
				79E5C85120603399000D84D8 /* Release */,
			);
			defaultConfigurationIsVisible = 0;
			defaultConfigurationName = Release;
		};
		79E5C85220603399000D84D8 /* Build configuration list for PBXNativeTarget "FeedDataAssignmentTests" */ = {
			isa = XCConfigurationList;
			buildConfigurations = (
				79E5C85320603399000D84D8 /* Debug */,
				79E5C85420603399000D84D8 /* Release */,
			);
			defaultConfigurationIsVisible = 0;
			defaultConfigurationName = Release;
		};
		79E5C85520603399000D84D8 /* Build configuration list for PBXNativeTarget "FeedDataAssignmentUITests" */ = {
			isa = XCConfigurationList;
			buildConfigurations = (
				79E5C85620603399000D84D8 /* Debug */,
				79E5C85720603399000D84D8 /* Release */,
			);
			defaultConfigurationIsVisible = 0;
			defaultConfigurationName = Release;
		};
/* End XCConfigurationList section */
	};
	rootObject = 79E5C81B20603398000D84D8 /* Project object */;
}
